PODS:
  - Bolts (1.9.0):
    - Bolts/AppLinks (= 1.9.0)
    - Bolts/Tasks (= 1.9.0)
  - Bolts/AppLinks (1.9.0):
    - Bolts/Tasks
  - Bolts/Tasks (1.9.0)
  - FBSDKCoreKit (4.34.0):
    - Bolts (~> 1.7)
  - FBSDKLoginKit (4.34.0):
    - FBSDKCoreKit
  - FBSDKShareKit (4.34.0):
    - FBSDKCoreKit (~> 4.34.0)
  - Firebase/Auth (5.2.0):
    - Firebase/CoreOnly
    - FirebaseAuth (= 5.0.1)
  - Firebase/CoreOnly (5.2.0):
    - FirebaseCore (= 5.0.3)
  - FirebaseAuth (5.0.1):
    - FirebaseCore (~> 5.0)
    - GTMSessionFetcher/Core (~> 1.1)
  - FirebaseCore (5.0.3):
    - "GoogleToolboxForMac/NSData+zlib (~> 2.1)"
  - GoogleSignIn (4.1.2):
    - "GoogleToolboxForMac/NSDictionary+URLArguments (~> 2.1)"
    - "GoogleToolboxForMac/NSString+URLArguments (~> 2.1)"
    - GTMOAuth2 (~> 1.0)
    - GTMSessionFetcher/Core (~> 1.1)
  - GoogleToolboxForMac/DebugUtils (2.1.4):
    - GoogleToolboxForMac/Defines (= 2.1.4)
  - GoogleToolboxForMac/Defines (2.1.4)
  - "GoogleToolboxForMac/NSData+zlib (2.1.4)":
    - GoogleToolboxForMac/Defines (= 2.1.4)
  - "GoogleToolboxForMac/NSDictionary+URLArguments (2.1.4)":
    - GoogleToolboxForMac/DebugUtils (= 2.1.4)
    - GoogleToolboxForMac/Defines (= 2.1.4)
    - "GoogleToolboxForMac/NSString+URLArguments (= 2.1.4)"
  - "GoogleToolboxForMac/NSString+URLArguments (2.1.4)"
  - GTMOAuth2 (1.1.6):
    - GTMSessionFetcher (~> 1.1)
  - GTMSessionFetcher (1.1.15):
    - GTMSessionFetcher/Full (= 1.1.15)
  - GTMSessionFetcher/Core (1.1.15)
  - GTMSessionFetcher/Full (1.1.15):
    - GTMSessionFetcher/Core (= 1.1.15)
  - TwitterCore (3.2.0)
  - TwitterKit (3.4.0):
    - TwitterCore (>= 3.1.0)

DEPENDENCIES:
  - Bolts
  - FBSDKCoreKit
  - FBSDKLoginKit
  - FBSDKShareKit
  - Firebase/Auth
  - GoogleSignIn
  - TwitterKit

SPEC REPOS:
  https://github.com/cocoapods/specs.git:
    - Bolts
    - FBSDKCoreKit
    - FBSDKLoginKit
    - FBSDKShareKit
    - Firebase
    - FirebaseAuth
    - FirebaseCore
    - GoogleSignIn
    - GoogleToolboxForMac
    - GTMOAuth2
    - GTMSessionFetcher
    - TwitterCore
    - TwitterKit

SPEC CHECKSUMS:
  Bolts: ac6567323eac61e203f6a9763667d0f711be34c8
  FBSDKCoreKit: 0ff57f093b85c8c9d5aba697d3edf68a8960ce78
  FBSDKLoginKit: 8c78f57a145afb756e4755e69195ebe08a42466e
  FBSDKShareKit: 511d1dfc71204c0a8d69e6c5e3c964dcf0d4f3d9
  Firebase: 25ed0412036d7d008568d1fb4d2e9d81ea8a0a2c
  FirebaseAuth: 463b8ce33bd5d05f706dcd4615499e3212b4132b
  FirebaseCore: a3c87242451633fff8490183898075ce77d168d2
  GoogleSignIn: d9ef55b10f0aa401a5de2747f59b725e4b9732ac
  GoogleToolboxForMac: 91c824d21e85b31c2aae9bb011c5027c9b4e738f
  GTMOAuth2: c77fe325e4acd453837e72d91e3b5f13116857b2
  GTMSessionFetcher: 5fa5b80fd20e439ef5f545fb2cb3ca6c6714caa2
  TwitterCore: 8cbc9ad34d91c63a0035ea05bfbfc0d7ca72a28c
  TwitterKit: bc7bd086b9b724a1d888745a054e1d0b1ecc4f3f

PODFILE CHECKSUM: ed4ef631e28d4ffa68b5d0f57a7824ade134050b

COCOAPODS: 1.5.3
